
Microsoft Visual Studio Solution File, Format Version 12.00
# Visual Studio 15
VisualStudioVersion = 15.0.28307.489
MinimumVisualStudioVersion = 10.0.40219.1
Project("{FAE04EC0-301F-11D3-BF4B-00C04F79EFBC}") = "Assembly-CSharp", "Assembly-CSharp.csproj", "{2746A90E-5E83-952A-711D-5E72420D1773}"
EndProject
Global
	GlobalSection(SolutionConfigurationPlatforms) = preSolution
		Debug|Any CPU = Debug|Any CPU
		Release|Any CPU = Release|Any CPU
	EndGlobalSection
	GlobalSection(ProjectConfigurationPlatforms) = postSolution
		{2746A90E-5E83-952A-711D-5E72420D1773}.Debug|Any CPU.ActiveCfg = Debug|Any CPU
		{2746A90E-5E83-952A-711D-5E72420D1773}.Debug|Any CPU.Build.0 = Debug|Any CPU
		{2746A90E-5E83-952A-711D-5E72420D1773}.Release|Any CPU.ActiveCfg = Release|Any CPU
		{2746A90E-5E83-952A-711D-5E72420D1773}.Release|Any CPU.Build.0 = Release|Any CPU
	EndGlobalSection
	GlobalSection(SolutionProperties) = preSolution
		HideSolutionNode = FALSE
	EndGlobalSection
	GlobalSection(ExtensibilityGlobals) = postSolution
		SolutionGuid = {FFDB7B7E-910C-463F-8C47-C829C2EBC3D3}
	EndGlobalSection
EndGlobal
